// !$*UTF8*$!
{
	archiveVersion = 1;
	classes = {
	};
	objectVersion = 55;
	objects = {

/* Begin PBXBuildFile section */
		BA40E7C9B3EEC6CA2EC30CD5 /* Pods_UnsplashExplorer.framework in Frameworks */ = {isa = PBXBuildFile; fileRef = D144A1E8A79BC58E3C92D73D /* Pods_UnsplashExplorer.framework */; };
		F2096C5727F3F30F00E9ED55 /* UserDetails.swift in Sources */ = {isa = PBXBuildFile; fileRef = F2096C5627F3F30F00E9ED55 /* UserDetails.swift */; };
		F226C51D27EC1BCC0008FFD3 /* PhotoDetailsViewController.swift in Sources */ = {isa = PBXBuildFile; fileRef = F226C51C27EC1BCC0008FFD3 /* PhotoDetailsViewController.swift */; };
		F226C51F27EC1D840008FFD3 /* VLabeledTextLabel.swift in Sources */ = {isa = PBXBuildFile; fileRef = F226C51E27EC1D840008FFD3 /* VLabeledTextLabel.swift */; };
		F226C52127EC3A9E0008FFD3 /* LeftIconLabel.swift in Sources */ = {isa = PBXBuildFile; fileRef = F226C52027EC3A9E0008FFD3 /* LeftIconLabel.swift */; };
		F226C54327EC5CE40008FFD3 /* PhotoDetails.swift in Sources */ = {isa = PBXBuildFile; fileRef = F226C54227EC5CE40008FFD3 /* PhotoDetails.swift */; };
		F244967227EECFBC0022AAA8 /* TabBarController.swift in Sources */ = {isa = PBXBuildFile; fileRef = F244967127EECFBC0022AAA8 /* TabBarController.swift */; };
		F244967427EED2BD0022AAA8 /* EditorialViewController.swift in Sources */ = {isa = PBXBuildFile; fileRef = F244967327EED2BD0022AAA8 /* EditorialViewController.swift */; };
		F2648D4427E81EAE0071ADCF /* AppDelegate.swift in Sources */ = {isa = PBXBuildFile; fileRef = F2648D4327E81EAE0071ADCF /* AppDelegate.swift */; };
		F2648D4627E81EAE0071ADCF /* SceneDelegate.swift in Sources */ = {isa = PBXBuildFile; fileRef = F2648D4527E81EAE0071ADCF /* SceneDelegate.swift */; };
		F2648D4D27E81EAE0071ADCF /* Assets.xcassets in Resources */ = {isa = PBXBuildFile; fileRef = F2648D4C27E81EAE0071ADCF /* Assets.xcassets */; };
		F2648D5027E81EAE0071ADCF /* LaunchScreen.storyboard in Resources */ = {isa = PBXBuildFile; fileRef = F2648D4E27E81EAE0071ADCF /* LaunchScreen.storyboard */; };
		F2648D5927E824050071ADCF /* SnapKit in Frameworks */ = {isa = PBXBuildFile; productRef = F2648D5827E824050071ADCF /* SnapKit */; };
		F266BD6927EDC05800885F09 /* HalfModalViewController.swift in Sources */ = {isa = PBXBuildFile; fileRef = F266BD6827EDC05800885F09 /* HalfModalViewController.swift */; };
		F266BD6B27EDC26B00885F09 /* ExifCollectionViewCell.swift in Sources */ = {isa = PBXBuildFile; fileRef = F266BD6A27EDC26B00885F09 /* ExifCollectionViewCell.swift */; };
		F284BE6827E8F30800DCEBA3 /* Responses.swift in Sources */ = {isa = PBXBuildFile; fileRef = F284BE6727E8F30800DCEBA3 /* Responses.swift */; };
		F284BE6A27E8FC8700DCEBA3 /* UnsplashPhotoFetcher.swift in Sources */ = {isa = PBXBuildFile; fileRef = F284BE6927E8FC8700DCEBA3 /* UnsplashPhotoFetcher.swift */; };
		F284BE7127E905F100DCEBA3 /* PhotoSearcherError.swift in Sources */ = {isa = PBXBuildFile; fileRef = F284BE7027E905F100DCEBA3 /* PhotoSearcherError.swift */; };
		F284BE7327E908BF00DCEBA3 /* keys.json in Resources */ = {isa = PBXBuildFile; fileRef = F284BE7227E908BF00DCEBA3 /* keys.json */; };
		F284BE7527E909B300DCEBA3 /* Parsing.swift in Sources */ = {isa = PBXBuildFile; fileRef = F284BE7427E909B300DCEBA3 /* Parsing.swift */; };
		F297B3B527E97A64007F8769 /* PhotoListCollectionViewCell.swift in Sources */ = {isa = PBXBuildFile; fileRef = F297B3B427E97A64007F8769 /* PhotoListCollectionViewCell.swift */; };
		F297B3B827E98246007F8769 /* Kingfisher in Frameworks */ = {isa = PBXBuildFile; productRef = F297B3B727E98246007F8769 /* Kingfisher */; };
		F297B3BA27E98D88007F8769 /* PhotoListCollectionViewController.swift in Sources */ = {isa = PBXBuildFile; fileRef = F297B3B927E98D88007F8769 /* PhotoListCollectionViewController.swift */; };
		F297B3BD27E9931E007F8769 /* String+CGColor.swift in Sources */ = {isa = PBXBuildFile; fileRef = F297B3BC27E9931E007F8769 /* String+CGColor.swift */; };
		F297B3C127E9C2CE007F8769 /* PhotoListCollectionViewLayout.swift in Sources */ = {isa = PBXBuildFile; fileRef = F297B3C027E9C2CE007F8769 /* PhotoListCollectionViewLayout.swift */; };
		F297B3C327EA0A0B007F8769 /* PhotoListViewModel.swift in Sources */ = {isa = PBXBuildFile; fileRef = F297B3C227EA0A0B007F8769 /* PhotoListViewModel.swift */; };
		F2A0E8A527F41E4100F77E83 /* EditorialViewModel.swift in Sources */ = {isa = PBXBuildFile; fileRef = F2A0E8A427F41E4100F77E83 /* EditorialViewModel.swift */; };
		F2A0E8A727F41EB300F77E83 /* SearchViewModel.swift in Sources */ = {isa = PBXBuildFile; fileRef = F2A0E8A627F41EB300F77E83 /* SearchViewModel.swift */; };
		F2A0E8A927F4376500F77E83 /* PhotoDetailsViewModel.swift in Sources */ = {isa = PBXBuildFile; fileRef = F2A0E8A827F4376500F77E83 /* PhotoDetailsViewModel.swift */; };
/* End PBXBuildFile section */

/* Begin PBXFileReference section */
		28A6A3BF7F4544FF717CCCBD /* Pods-UnsplashExplorer.release.xcconfig */ = {isa = PBXFileReference; includeInIndex = 1; lastKnownFileType = text.xcconfig; name = "Pods-UnsplashExplorer.release.xcconfig"; path = "Target Support Files/Pods-UnsplashExplorer/Pods-UnsplashExplorer.release.xcconfig"; sourceTree = "<group>"; };
		8A2A0CFFEFF8485EA7292332 /* Pods-UnsplashExplorer.debug.xcconfig */ = {isa = PBXFileReference; includeInIndex = 1; lastKnownFileType = text.xcconfig; name = "Pods-UnsplashExplorer.debug.xcconfig"; path = "Target Support Files/Pods-UnsplashExplorer/Pods-UnsplashExplorer.debug.xcconfig"; sourceTree = "<group>"; };
		D144A1E8A79BC58E3C92D73D /* Pods_UnsplashExplorer.framework */ = {isa = PBXFileReference; explicitFileType = wrapper.framework; includeInIndex = 0; path = Pods_UnsplashExplorer.framework; sourceTree = BUILT_PRODUCTS_DIR; };
		F2096C5627F3F30F00E9ED55 /* UserDetails.swift */ = {isa = PBXFileReference; lastKnownFileType = sourcecode.swift; path = UserDetails.swift; sourceTree = "<group>"; };
		F226C51C27EC1BCC0008FFD3 /* PhotoDetailsViewController.swift */ = {isa = PBXFileReference; lastKnownFileType = sourcecode.swift; path = PhotoDetailsViewController.swift; sourceTree = "<group>"; };
		F226C51E27EC1D840008FFD3 /* VLabeledTextLabel.swift */ = {isa = PBXFileReference; lastKnownFileType = sourcecode.swift; path = VLabeledTextLabel.swift; sourceTree = "<group>"; };
		F226C52027EC3A9E0008FFD3 /* LeftIconLabel.swift */ = {isa = PBXFileReference; lastKnownFileType = sourcecode.swift; path = LeftIconLabel.swift; sourceTree = "<group>"; };
		F226C54227EC5CE40008FFD3 /* PhotoDetails.swift */ = {isa = PBXFileReference; lastKnownFileType = sourcecode.swift; path = PhotoDetails.swift; sourceTree = "<group>"; };
		F244967127EECFBC0022AAA8 /* TabBarController.swift */ = {isa = PBXFileReference; lastKnownFileType = sourcecode.swift; path = TabBarController.swift; sourceTree = "<group>"; };
		F244967327EED2BD0022AAA8 /* EditorialViewController.swift */ = {isa = PBXFileReference; lastKnownFileType = sourcecode.swift; path = EditorialViewController.swift; sourceTree = "<group>"; };
		F2648D4027E81EAE0071ADCF /* UnsplashExplorer.app */ = {isa = PBXFileReference; explicitFileType = wrapper.application; includeInIndex = 0; path = UnsplashExplorer.app; sourceTree = BUILT_PRODUCTS_DIR; };
		F2648D4327E81EAE0071ADCF /* AppDelegate.swift */ = {isa = PBXFileReference; lastKnownFileType = sourcecode.swift; path = AppDelegate.swift; sourceTree = "<group>"; };
		F2648D4527E81EAE0071ADCF /* SceneDelegate.swift */ = {isa = PBXFileReference; lastKnownFileType = sourcecode.swift; path = SceneDelegate.swift; sourceTree = "<group>"; };
		F2648D4C27E81EAE0071ADCF /* Assets.xcassets */ = {isa = PBXFileReference; lastKnownFileType = folder.assetcatalog; path = Assets.xcassets; sourceTree = "<group>"; };
		F2648D4F27E81EAE0071ADCF /* Base */ = {isa = PBXFileReference; lastKnownFileType = file.storyboard; name = Base; path = Base.lproj/LaunchScreen.storyboard; sourceTree = "<group>"; };
		F2648D5127E81EAE0071ADCF /* Info.plist */ = {isa = PBXFileReference; lastKnownFileType = text.plist.xml; path = Info.plist; sourceTree = "<group>"; };
		F266BD6827EDC05800885F09 /* HalfModalViewController.swift */ = {isa = PBXFileReference; lastKnownFileType = sourcecode.swift; path = HalfModalViewController.swift; sourceTree = "<group>"; };
		F266BD6A27EDC26B00885F09 /* ExifCollectionViewCell.swift */ = {isa = PBXFileReference; lastKnownFileType = sourcecode.swift; path = ExifCollectionViewCell.swift; sourceTree = "<group>"; };
		F284BE6727E8F30800DCEBA3 /* Responses.swift */ = {isa = PBXFileReference; lastKnownFileType = sourcecode.swift; path = Responses.swift; sourceTree = "<group>"; };
		F284BE6927E8FC8700DCEBA3 /* UnsplashPhotoFetcher.swift */ = {isa = PBXFileReference; lastKnownFileType = sourcecode.swift; path = UnsplashPhotoFetcher.swift; sourceTree = "<group>"; };
		F284BE7027E905F100DCEBA3 /* PhotoSearcherError.swift */ = {isa = PBXFileReference; lastKnownFileType = sourcecode.swift; path = PhotoSearcherError.swift; sourceTree = "<group>"; };
		F284BE7227E908BF00DCEBA3 /* keys.json */ = {isa = PBXFileReference; lastKnownFileType = text.json; path = keys.json; sourceTree = "<group>"; };
		F284BE7427E909B300DCEBA3 /* Parsing.swift */ = {isa = PBXFileReference; lastKnownFileType = sourcecode.swift; path = Parsing.swift; sourceTree = "<group>"; };
		F297B3B427E97A64007F8769 /* PhotoListCollectionViewCell.swift */ = {isa = PBXFileReference; lastKnownFileType = sourcecode.swift; path = PhotoListCollectionViewCell.swift; sourceTree = "<group>"; };
		F297B3B927E98D88007F8769 /* PhotoListCollectionViewController.swift */ = {isa = PBXFileReference; lastKnownFileType = sourcecode.swift; path = PhotoListCollectionViewController.swift; sourceTree = "<group>"; };
		F297B3BC27E9931E007F8769 /* String+CGColor.swift */ = {isa = PBXFileReference; lastKnownFileType = sourcecode.swift; path = "String+CGColor.swift"; sourceTree = "<group>"; };
		F297B3C027E9C2CE007F8769 /* PhotoListCollectionViewLayout.swift */ = {isa = PBXFileReference; lastKnownFileType = sourcecode.swift; path = PhotoListCollectionViewLayout.swift; sourceTree = "<group>"; };
		F297B3C227EA0A0B007F8769 /* PhotoListViewModel.swift */ = {isa = PBXFileReference; lastKnownFileType = sourcecode.swift; path = PhotoListViewModel.swift; sourceTree = "<group>"; };
		F2A0E8A427F41E4100F77E83 /* EditorialViewModel.swift */ = {isa = PBXFileReference; lastKnownFileType = sourcecode.swift; path = EditorialViewModel.swift; sourceTree = "<group>"; };
		F2A0E8A627F41EB300F77E83 /* SearchViewModel.swift */ = {isa = PBXFileReference; lastKnownFileType = sourcecode.swift; path = SearchViewModel.swift; sourceTree = "<group>"; };
		F2A0E8A827F4376500F77E83 /* PhotoDetailsViewModel.swift */ = {isa = PBXFileReference; lastKnownFileType = sourcecode.swift; path = PhotoDetailsViewModel.swift; sourceTree = "<group>"; };
/* End PBXFileReference section */

/* Begin PBXFrameworksBuildPhase section */
		F2648D3D27E81EAE0071ADCF /* Frameworks */ = {
			isa = PBXFrameworksBuildPhase;
			buildActionMask = 2147483647;
			files = (
				F297B3B827E98246007F8769 /* Kingfisher in Frameworks */,
				F2648D5927E824050071ADCF /* SnapKit in Frameworks */,
				BA40E7C9B3EEC6CA2EC30CD5 /* Pods_UnsplashExplorer.framework in Frameworks */,
			);
			runOnlyForDeploymentPostprocessing = 0;
		};
/* End PBXFrameworksBuildPhase section */

/* Begin PBXGroup section */
		1261310525D5B9EB5041E6FC /* Pods */ = {
			isa = PBXGroup;
			children = (
				8A2A0CFFEFF8485EA7292332 /* Pods-UnsplashExplorer.debug.xcconfig */,
				28A6A3BF7F4544FF717CCCBD /* Pods-UnsplashExplorer.release.xcconfig */,
			);
			path = Pods;
			sourceTree = "<group>";
		};
		B21DDF43A1D4F42027EB1044 /* Frameworks */ = {
			isa = PBXGroup;
			children = (
				D144A1E8A79BC58E3C92D73D /* Pods_UnsplashExplorer.framework */,
			);
			name = Frameworks;
			sourceTree = "<group>";
		};
		F244967027EEAF0E0022AAA8 /* HalfModalView */ = {
			isa = PBXGroup;
			children = (
				F266BD6827EDC05800885F09 /* HalfModalViewController.swift */,
				F266BD6A27EDC26B00885F09 /* ExifCollectionViewCell.swift */,
			);
			path = HalfModalView;
			sourceTree = "<group>";
		};
		F2648D3727E81EAE0071ADCF = {
			isa = PBXGroup;
			children = (
				F2648D4227E81EAE0071ADCF /* UnsplashExplorer */,
				F2648D4127E81EAE0071ADCF /* Products */,
				1261310525D5B9EB5041E6FC /* Pods */,
				B21DDF43A1D4F42027EB1044 /* Frameworks */,
			);
			sourceTree = "<group>";
		};
		F2648D4127E81EAE0071ADCF /* Products */ = {
			isa = PBXGroup;
			children = (
				F2648D4027E81EAE0071ADCF /* UnsplashExplorer.app */,
			);
			name = Products;
			sourceTree = "<group>";
		};
		F2648D4227E81EAE0071ADCF /* UnsplashExplorer */ = {
			isa = PBXGroup;
			children = (
				F2648D4327E81EAE0071ADCF /* AppDelegate.swift */,
				F2648D4527E81EAE0071ADCF /* SceneDelegate.swift */,
				F2BA59BB27EC80D90071B62F /* Utilities */,
				F297B3C227EA0A0B007F8769 /* PhotoListViewModel.swift */,
				F2A0E8AA27F43C0800F77E83 /* Editorial */,
				F2A0E8A627F41EB300F77E83 /* SearchViewModel.swift */,
				F244967127EECFBC0022AAA8 /* TabBarController.swift */,
				F2A0E8A827F4376500F77E83 /* PhotoDetailsViewModel.swift */,
				F297B3BB27E98D8F007F8769 /* PhotoList */,
				F2BA59BC27EC81350071B62F /* PhotoDetail */,
				F284BE6F27E9059800DCEBA3 /* UnsplashAPI */,
				F2648D4C27E81EAE0071ADCF /* Assets.xcassets */,
				F2648D4E27E81EAE0071ADCF /* LaunchScreen.storyboard */,
				F2648D5127E81EAE0071ADCF /* Info.plist */,
			);
			path = UnsplashExplorer;
			sourceTree = "<group>";
		};
		F284BE6F27E9059800DCEBA3 /* UnsplashAPI */ = {
			isa = PBXGroup;
			children = (
				F284BE6927E8FC8700DCEBA3 /* UnsplashPhotoFetcher.swift */,
				F284BE7027E905F100DCEBA3 /* PhotoSearcherError.swift */,
				F284BE6727E8F30800DCEBA3 /* Responses.swift */,
				F2096C5627F3F30F00E9ED55 /* UserDetails.swift */,
				F226C54227EC5CE40008FFD3 /* PhotoDetails.swift */,
				F284BE7227E908BF00DCEBA3 /* keys.json */,
			);
			path = UnsplashAPI;
			sourceTree = "<group>";
		};
		F297B3BB27E98D8F007F8769 /* PhotoList */ = {
			isa = PBXGroup;
			children = (
				F297B3B927E98D88007F8769 /* PhotoListCollectionViewController.swift */,
				F297B3C027E9C2CE007F8769 /* PhotoListCollectionViewLayout.swift */,
				F297B3B427E97A64007F8769 /* PhotoListCollectionViewCell.swift */,
			);
			path = PhotoList;
			sourceTree = "<group>";
		};
		F2A0E8AA27F43C0800F77E83 /* Editorial */ = {
			isa = PBXGroup;
			children = (
				F2A0E8A427F41E4100F77E83 /* EditorialViewModel.swift */,
				F244967327EED2BD0022AAA8 /* EditorialViewController.swift */,
			);
			path = Editorial;
			sourceTree = "<group>";
		};
		F2BA59BB27EC80D90071B62F /* Utilities */ = {
			isa = PBXGroup;
			children = (
				F284BE7427E909B300DCEBA3 /* Parsing.swift */,
				F297B3BC27E9931E007F8769 /* String+CGColor.swift */,
			);
			path = Utilities;
			sourceTree = "<group>";
		};
		F2BA59BC27EC81350071B62F /* PhotoDetail */ = {
			isa = PBXGroup;
			children = (
				F226C51C27EC1BCC0008FFD3 /* PhotoDetailsViewController.swift */,
				F226C51E27EC1D840008FFD3 /* VLabeledTextLabel.swift */,
				F226C52027EC3A9E0008FFD3 /* LeftIconLabel.swift */,
				F244967027EEAF0E0022AAA8 /* HalfModalView */,
			);
			path = PhotoDetail;
			sourceTree = "<group>";
		};
/* End PBXGroup section */

/* Begin PBXNativeTarget section */
		F2648D3F27E81EAE0071ADCF /* UnsplashExplorer */ = {
			isa = PBXNativeTarget;
			buildConfigurationList = F2648D5427E81EAE0071ADCF /* Build configuration list for PBXNativeTarget "UnsplashExplorer" */;
			buildPhases = (
				08C758462D9664FFB8BFF672 /* [CP] Check Pods Manifest.lock */,
				F2648D3C27E81EAE0071ADCF /* Sources */,
				F2648D3D27E81EAE0071ADCF /* Frameworks */,
				F2648D3E27E81EAE0071ADCF /* Resources */,
				8756866FE4235901F9F79946 /* [CP] Embed Pods Frameworks */,
			);
			buildRules = (
			);
			dependencies = (
			);
			name = UnsplashExplorer;
			packageProductDependencies = (
				F2648D5827E824050071ADCF /* SnapKit */,
				F297B3B727E98246007F8769 /* Kingfisher */,
			);
			productName = UnsplashExplorer;
			productReference = F2648D4027E81EAE0071ADCF /* UnsplashExplorer.app */;
			productType = "com.apple.product-type.application";
		};
/* End PBXNativeTarget section */

/* Begin PBXProject section */
		F2648D3827E81EAE0071ADCF /* Project object */ = {
			isa = PBXProject;
			attributes = {
				BuildIndependentTargetsInParallel = 1;
				LastSwiftUpdateCheck = 1330;
				LastUpgradeCheck = 1330;
				TargetAttributes = {
					F2648D3F27E81EAE0071ADCF = {
						CreatedOnToolsVersion = 13.3;
					};
				};
			};
			buildConfigurationList = F2648D3B27E81EAE0071ADCF /* Build configuration list for PBXProject "UnsplashExplorer" */;
			compatibilityVersion = "Xcode 13.0";
			developmentRegion = en;
			hasScannedForEncodings = 0;
			knownRegions = (
				en,
				Base,
			);
			mainGroup = F2648D3727E81EAE0071ADCF;
			packageReferences = (
				F2648D5727E824050071ADCF /* XCRemoteSwiftPackageReference "SnapKit" */,
				F297B3B627E98246007F8769 /* XCRemoteSwiftPackageReference "Kingfisher" */,
			);
			productRefGroup = F2648D4127E81EAE0071ADCF /* Products */;
			projectDirPath = "";
			projectRoot = "";
			targets = (
				F2648D3F27E81EAE0071ADCF /* UnsplashExplorer */,
			);
		};
/* End PBXProject section */

/* Begin PBXResourcesBuildPhase section */
		F2648D3E27E81EAE0071ADCF /* Resources */ = {
			isa = PBXResourcesBuildPhase;
			buildActionMask = 2147483647;
			files = (
				F284BE7327E908BF00DCEBA3 /* keys.json in Resources */,
				F2648D5027E81EAE0071ADCF /* LaunchScreen.storyboard in Resources */,
				F2648D4D27E81EAE0071ADCF /* Assets.xcassets in Resources */,
			);
			runOnlyForDeploymentPostprocessing = 0;
		};
/* End PBXResourcesBuildPhase section */

/* Begin PBXShellScriptBuildPhase section */
		08C758462D9664FFB8BFF672 /* [CP] Check Pods Manifest.lock */ = {
			isa = PBXShellScriptBuildPhase;
			buildActionMask = 2147483647;
			files = (
			);
			inputFileListPaths = (
			);
			inputPaths = (
				"${PODS_PODFILE_DIR_PATH}/Podfile.lock",
				"${PODS_ROOT}/Manifest.lock",
			);
			name = "[CP] Check Pods Manifest.lock";
			outputFileListPaths = (
			);
			outputPaths = (
				"$(DERIVED_FILE_DIR)/Pods-UnsplashExplorer-checkManifestLockResult.txt",
			);
			runOnlyForDeploymentPostprocessing = 0;
			shellPath = /bin/sh;
			shellScript = "diff \"${PODS_PODFILE_DIR_PATH}/Podfile.lock\" \"${PODS_ROOT}/Manifest.lock\" > /dev/null\nif [ $? != 0 ] ; then\n    # print error to STDERR\n    echo \"error: The sandbox is not in sync with the Podfile.lock. Run 'pod install' or update your CocoaPods installation.\" >&2\n    exit 1\nfi\n# This output is used by Xcode 'outputs' to avoid re-running this script phase.\necho \"SUCCESS\" > \"${SCRIPT_OUTPUT_FILE_0}\"\n";
			showEnvVarsInLog = 0;
		};
		8756866FE4235901F9F79946 /* [CP] Embed Pods Frameworks */ = {
			isa = PBXShellScriptBuildPhase;
			buildActionMask = 2147483647;
			files = (
			);
			inputFileListPaths = (
				"${PODS_ROOT}/Target Support Files/Pods-UnsplashExplorer/Pods-UnsplashExplorer-frameworks-${CONFIGURATION}-input-files.xcfilelist",
			);
			name = "[CP] Embed Pods Frameworks";
			outputFileListPaths = (
				"${PODS_ROOT}/Target Support Files/Pods-UnsplashExplorer/Pods-UnsplashExplorer-frameworks-${CONFIGURATION}-output-files.xcfilelist",
			);
			runOnlyForDeploymentPostprocessing = 0;
			shellPath = /bin/sh;
			shellScript = "\"${PODS_ROOT}/Target Support Files/Pods-UnsplashExplorer/Pods-UnsplashExplorer-frameworks.sh\"\n";
			showEnvVarsInLog = 0;
		};
/* End PBXShellScriptBuildPhase section */

/* Begin PBXSourcesBuildPhase section */
		F2648D3C27E81EAE0071ADCF /* Sources */ = {
			isa = PBXSourcesBuildPhase;
			buildActionMask = 2147483647;
			files = (
				F2A0E8A727F41EB300F77E83 /* SearchViewModel.swift in Sources */,
				F284BE7527E909B300DCEBA3 /* Parsing.swift in Sources */,
				F297B3C327EA0A0B007F8769 /* PhotoListViewModel.swift in Sources */,
				F284BE6827E8F30800DCEBA3 /* Responses.swift in Sources */,
				F244967427EED2BD0022AAA8 /* EditorialViewController.swift in Sources */,
				F244967227EECFBC0022AAA8 /* TabBarController.swift in Sources */,
				F226C54327EC5CE40008FFD3 /* PhotoDetails.swift in Sources */,
				F2648D4427E81EAE0071ADCF /* AppDelegate.swift in Sources */,
				F226C51D27EC1BCC0008FFD3 /* PhotoDetailsViewController.swift in Sources */,
				F297B3B527E97A64007F8769 /* PhotoListCollectionViewCell.swift in Sources */,
				F2096C5727F3F30F00E9ED55 /* UserDetails.swift in Sources */,
				F226C51F27EC1D840008FFD3 /* VLabeledTextLabel.swift in Sources */,
				F2648D4627E81EAE0071ADCF /* SceneDelegate.swift in Sources */,
				F284BE7127E905F100DCEBA3 /* PhotoSearcherError.swift in Sources */,
				F297B3BD27E9931E007F8769 /* String+CGColor.swift in Sources */,
				F297B3BA27E98D88007F8769 /* PhotoListCollectionViewController.swift in Sources */,
				F226C52127EC3A9E0008FFD3 /* LeftIconLabel.swift in Sources */,
				F284BE6A27E8FC8700DCEBA3 /* UnsplashPhotoFetcher.swift in Sources */,
				F2A0E8A527F41E4100F77E83 /* EditorialViewModel.swift in Sources */,
				F297B3C127E9C2CE007F8769 /* PhotoListCollectionViewLayout.swift in Sources */,
				F266BD6927EDC05800885F09 /* HalfModalViewController.swift in Sources */,
				F266BD6B27EDC26B00885F09 /* ExifCollectionViewCell.swift in Sources */,
				F2A0E8A927F4376500F77E83 /* PhotoDetailsViewModel.swift in Sources */,
			);
			runOnlyForDeploymentPostprocessing = 0;
		};
/* End PBXSourcesBuildPhase section */

/* Begin PBXVariantGroup section */
		F2648D4E27E81EAE0071ADCF /* LaunchScreen.storyboard */ = {
			isa = PBXVariantGroup;
			children = (
				F2648D4F27E81EAE0071ADCF /* Base */,
			);
			name = LaunchScreen.storyboard;
			sourceTree = "<group>";
		};
/* End PBXVariantGroup section */

/* Begin XCBuildConfiguration section */
		F2648D5227E81EAE0071ADCF /* Debug */ = {
			isa = XCBuildConfiguration;
			buildSettings = {
				ALWAYS_SEARCH_USER_PATHS = NO;
				CLANG_ANALYZER_NONNULL = YES;
				CLANG_ANALYZER_NUMBER_OBJECT_CONVERSION = YES_AGGRESSIVE;
				CLANG_CXX_LANGUAGE_STANDARD = "gnu++17";
				CLANG_ENABLE_MODULES = YES;
				CLANG_ENABLE_OBJC_ARC = YES;
				CLANG_ENABLE_OBJC_WEAK = YES;
				CLANG_WARN_BLOCK_CAPTURE_AUTORELEASING = YES;
				CLANG_WARN_BOOL_CONVERSION = YES;
				CLANG_WARN_COMMA = YES;
				CLANG_WARN_CONSTANT_CONVERSION = YES;
				CLANG_WARN_DEPRECATED_OBJC_IMPLEMENTATIONS = YES;
				CLANG_WARN_DIRECT_OBJC_ISA_USAGE = YES_ERROR;
				CLANG_WARN_DOCUMENTATION_COMMENTS = YES;
				CLANG_WARN_EMPTY_BODY = YES;
				CLANG_WARN_ENUM_CONVERSION = YES;
				CLANG_WARN_INFINITE_RECURSION = YES;
				CLANG_WARN_INT_CONVERSION = YES;
				CLANG_WARN_NON_LITERAL_NULL_CONVERSION = YES;
				CLANG_WARN_OBJC_IMPLICIT_RETAIN_SELF = YES;
				CLANG_WARN_OBJC_LITERAL_CONVERSION = YES;
				CLANG_WARN_OBJC_ROOT_CLASS = YES_ERROR;
				CLANG_WARN_QUOTED_INCLUDE_IN_FRAMEWORK_HEADER = YES;
				CLANG_WARN_RANGE_LOOP_ANALYSIS = YES;
				CLANG_WARN_STRICT_PROTOTYPES = YES;
				CLANG_WARN_SUSPICIOUS_MOVE = YES;
				CLANG_WARN_UNGUARDED_AVAILABILITY = YES_AGGRESSIVE;
				CLANG_WARN_UNREACHABLE_CODE = YES;
				CLANG_WARN__DUPLICATE_METHOD_MATCH = YES;
				COPY_PHASE_STRIP = NO;
				DEBUG_INFORMATION_FORMAT = dwarf;
				ENABLE_STRICT_OBJC_MSGSEND = YES;
				ENABLE_TESTABILITY = YES;
				GCC_C_LANGUAGE_STANDARD = gnu11;
				GCC_DYNAMIC_NO_PIC = NO;
				GCC_NO_COMMON_BLOCKS = YES;
				GCC_OPTIMIZATION_LEVEL = 0;
				GCC_PREPROCESSOR_DEFINITIONS = (
					"DEBUG=1",
					"$(inherited)",
				);
				GCC_WARN_64_TO_32_BIT_CONVERSION = YES;
				GCC_WARN_ABOUT_RETURN_TYPE = YES_ERROR;
				GCC_WARN_UNDECLARED_SELECTOR = YES;
				GCC_WARN_UNINITIALIZED_AUTOS = YES_AGGRESSIVE;
				GCC_WARN_UNUSED_FUNCTION = YES;
				GCC_WARN_UNUSED_VARIABLE = YES;
				IPHONEOS_DEPLOYMENT_TARGET = 15.0;
				MTL_ENABLE_DEBUG_INFO = INCLUDE_SOURCE;
				MTL_FAST_MATH = YES;
				ONLY_ACTIVE_ARCH = YES;
				SDKROOT = iphoneos;
				SWIFT_ACTIVE_COMPILATION_CONDITIONS = DEBUG;
				SWIFT_OPTIMIZATION_LEVEL = "-Onone";
			};
			name = Debug;
		};
		F2648D5327E81EAE0071ADCF /* Release */ = {
			isa = XCBuildConfiguration;
			buildSettings = {
				ALWAYS_SEARCH_USER_PATHS = NO;
				CLANG_ANALYZER_NONNULL = YES;
				CLANG_ANALYZER_NUMBER_OBJECT_CONVERSION = YES_AGGRESSIVE;
				CLANG_CXX_LANGUAGE_STANDARD = "gnu++17";
				CLANG_ENABLE_MODULES = YES;
				CLANG_ENABLE_OBJC_ARC = YES;
				CLANG_ENABLE_OBJC_WEAK = YES;
				CLANG_WARN_BLOCK_CAPTURE_AUTORELEASING = YES;
				CLANG_WARN_BOOL_CONVERSION = YES;
				CLANG_WARN_COMMA = YES;
				CLANG_WARN_CONSTANT_CONVERSION = YES;
				CLANG_WARN_DEPRECATED_OBJC_IMPLEMENTATIONS = YES;
				CLANG_WARN_DIRECT_OBJC_ISA_USAGE = YES_ERROR;
				CLANG_WARN_DOCUMENTATION_COMMENTS = YES;
				CLANG_WARN_EMPTY_BODY = YES;
				CLANG_WARN_ENUM_CONVERSION = YES;
				CLANG_WARN_INFINITE_RECURSION = YES;
				CLANG_WARN_INT_CONVERSION = YES;
				CLANG_WARN_NON_LITERAL_NULL_CONVERSION = YES;
				CLANG_WARN_OBJC_IMPLICIT_RETAIN_SELF = YES;
				CLANG_WARN_OBJC_LITERAL_CONVERSION = YES;
				CLANG_WARN_OBJC_ROOT_CLASS = YES_ERROR;
				CLANG_WARN_QUOTED_INCLUDE_IN_FRAMEWORK_HEADER = YES;
				CLANG_WARN_RANGE_LOOP_ANALYSIS = YES;
				CLANG_WARN_STRICT_PROTOTYPES = YES;
				CLANG_WARN_SUSPICIOUS_MOVE = YES;
				CLANG_WARN_UNGUARDED_AVAILABILITY = YES_AGGRESSIVE;
				CLANG_WARN_UNREACHABLE_CODE = YES;
				CLANG_WARN__DUPLICATE_METHOD_MATCH = YES;
				COPY_PHASE_STRIP = NO;
				DEBUG_INFORMATION_FORMAT = "dwarf-with-dsym";
				ENABLE_NS_ASSERTIONS = NO;
				ENABLE_STRICT_OBJC_MSGSEND = YES;
				GCC_C_LANGUAGE_STANDARD = gnu11;
				GCC_NO_COMMON_BLOCKS = YES;
				GCC_WARN_64_TO_32_BIT_CONVERSION = YES;
				GCC_WARN_ABOUT_RETURN_TYPE = YES_ERROR;
				GCC_WARN_UNDECLARED_SELECTOR = YES;
				GCC_WARN_UNINITIALIZED_AUTOS = YES_AGGRESSIVE;
				GCC_WARN_UNUSED_FUNCTION = YES;
				GCC_WARN_UNUSED_VARIABLE = YES;
				IPHONEOS_DEPLOYMENT_TARGET = 15.0;
				MTL_ENABLE_DEBUG_INFO = NO;
				MTL_FAST_MATH = YES;
				SDKROOT = iphoneos;
				SWIFT_COMPILATION_MODE = wholemodule;
				SWIFT_OPTIMIZATION_LEVEL = "-O";
				VALIDATE_PRODUCT = YES;
			};
			name = Release;
		};
		F2648D5527E81EAE0071ADCF /* Debug */ = {
			isa = XCBuildConfiguration;
			baseConfigurationReference = 8A2A0CFFEFF8485EA7292332 /* Pods-UnsplashExplorer.debug.xcconfig */;
			buildSettings = {
				ASSETCATALOG_COMPILER_APPICON_NAME = AppIcon;
				ASSETCATALOG_COMPILER_GLOBAL_ACCENT_COLOR_NAME = AccentColor;
				CODE_SIGN_STYLE = Automatic;
				CURRENT_PROJECT_VERSION = 1;
				DEVELOPMENT_TEAM = 54QJQV3G77;
				GENERATE_INFOPLIST_FILE = YES;
				INFOPLIST_FILE = UnsplashExplorer/Info.plist;
				INFOPLIST_KEY_UIApplicationSupportsIndirectInputEvents = YES;
				INFOPLIST_KEY_UILaunchStoryboardName = LaunchScreen;
				INFOPLIST_KEY_UISupportedInterfaceOrientations = UIInterfaceOrientationPortrait;
				INFOPLIST_KEY_UISupportedInterfaceOrientations_iPad = "UIInterfaceOrientationPortrait UIInterfaceOrientationPortraitUpsideDown UIInterfaceOrientationLandscapeLeft UIInterfaceOrientationLandscapeRight";
				INFOPLIST_KEY_UISupportedInterfaceOrientations_iPhone = "UIInterfaceOrientationPortrait UIInterfaceOrientationLandscapeLeft UIInterfaceOrientationLandscapeRight";
				LD_RUNPATH_SEARCH_PATHS = (
					"$(inherited)",
					"@executable_path/Frameworks",
				);
				MARKETING_VERSION = 1.0;
				PRODUCT_BUNDLE_IDENTIFIER = sunghyunk.UnsplashExplorer;
				PRODUCT_NAME = "$(TARGET_NAME)";
				SWIFT_EMIT_LOC_STRINGS = YES;
				SWIFT_VERSION = 5.0;
				TARGETED_DEVICE_FAMILY = 1;
			};
			name = Debug;
		};
		F2648D5627E81EAE0071ADCF /* Release */ = {
			isa = XCBuildConfiguration;
			baseConfigurationReference = 28A6A3BF7F4544FF717CCCBD /* Pods-UnsplashExplorer.release.xcconfig */;
			buildSettings = {
				ASSETCATALOG_COMPILER_APPICON_NAME = AppIcon;
				ASSETCATALOG_COMPILER_GLOBAL_ACCENT_COLOR_NAME = AccentColor;
				CODE_SIGN_STYLE = Automatic;
				CURRENT_PROJECT_VERSION = 1;
				DEVELOPMENT_TEAM = 54QJQV3G77;
				GENERATE_INFOPLIST_FILE = YES;
				INFOPLIST_FILE = UnsplashExplorer/Info.plist;
				INFOPLIST_KEY_UIApplicationSupportsIndirectInputEvents = YES;
				INFOPLIST_KEY_UILaunchStoryboardName = LaunchScreen;
				INFOPLIST_KEY_UISupportedInterfaceOrientations = UIInterfaceOrientationPortrait;
				INFOPLIST_KEY_UISupportedInterfaceOrientations_iPad = "UIInterfaceOrientationPortrait UIInterfaceOrientationPortraitUpsideDown UIInterfaceOrientationLandscapeLeft UIInterfaceOrientationLandscapeRight";
				INFOPLIST_KEY_UISupportedInterfaceOrientations_iPhone = "UIInterfaceOrientationPortrait UIInterfaceOrientationLandscapeLeft UIInterfaceOrientationLandscapeRight";
				LD_RUNPATH_SEARCH_PATHS = (
					"$(inherited)",
					"@executable_path/Frameworks",
				);
				MARKETING_VERSION = 1.0;
				PRODUCT_BUNDLE_IDENTIFIER = sunghyunk.UnsplashExplorer;
				PRODUCT_NAME = "$(TARGET_NAME)";
				SWIFT_EMIT_LOC_STRINGS = YES;
				SWIFT_VERSION = 5.0;
				TARGETED_DEVICE_FAMILY = 1;
			};
			name = Release;
		};
/* End XCBuildConfiguration section */

/* Begin XCConfigurationList section */
		F2648D3B27E81EAE0071ADCF /* Build configuration list for PBXProject "UnsplashExplorer" */ = {
			isa = XCConfigurationList;
			buildConfigurations = (
				F2648D5227E81EAE0071ADCF /* Debug */,
				F2648D5327E81EAE0071ADCF /* Release */,
			);
			defaultConfigurationIsVisible = 0;
			defaultConfigurationName = Release;
		};
		F2648D5427E81EAE0071ADCF /* Build configuration list for PBXNativeTarget "UnsplashExplorer" */ = {
			isa = XCConfigurationList;
			buildConfigurations = (
				F2648D5527E81EAE0071ADCF /* Debug */,
				F2648D5627E81EAE0071ADCF /* Release */,
			);
			defaultConfigurationIsVisible = 0;
			defaultConfigurationName = Release;
		};
/* End XCConfigurationList section */

/* Begin XCRemoteSwiftPackageReference section */
		F2648D5727E824050071ADCF /* XCRemoteSwiftPackageReference "SnapKit" */ = {
			isa = XCRemoteSwiftPackageReference;
			repositoryURL = "https://github.com/SnapKit/SnapKit.git";
			requirement = {
				kind = upToNextMajorVersion;
				minimumVersion = 5.0.1;
			};
		};
		F297B3B627E98246007F8769 /* XCRemoteSwiftPackageReference "Kingfisher" */ = {
			isa = XCRemoteSwiftPackageReference;
			repositoryURL = "https://github.com/onevcat/Kingfisher.git";
			requirement = {
				kind = upToNextMajorVersion;
				minimumVersion = 7.0.0;
			};
		};
/* End XCRemoteSwiftPackageReference section */

/* Begin XCSwiftPackageProductDependency section */
		F2648D5827E824050071ADCF /* SnapKit */ = {
			isa = XCSwiftPackageProductDependency;
			package = F2648D5727E824050071ADCF /* XCRemoteSwiftPackageReference "SnapKit" */;
			productName = SnapKit;
		};
		F297B3B727E98246007F8769 /* Kingfisher */ = {
			isa = XCSwiftPackageProductDependency;
			package = F297B3B627E98246007F8769 /* XCRemoteSwiftPackageReference "Kingfisher" */;
			productName = Kingfisher;
		};
/* End XCSwiftPackageProductDependency section */
	};
	rootObject = F2648D3827E81EAE0071ADCF /* Project object */;
}
