// !$*UTF8*$!
{
	archiveVersion = 1;
	classes = {
	};
	objectVersion = 55;
	objects = {

/* Begin PBXBuildFile section */
		F25D473127E8475D003B6D27 /* RxCocoa in Frameworks */ = {isa = PBXBuildFile; productRef = F25D473027E8475D003B6D27 /* RxCocoa */; };
		F25D473327E8475D003B6D27 /* RxSwift in Frameworks */ = {isa = PBXBuildFile; productRef = F25D473227E8475D003B6D27 /* RxSwift */; };
		F2648D4427E81EAE0071ADCF /* AppDelegate.swift in Sources */ = {isa = PBXBuildFile; fileRef = F2648D4327E81EAE0071ADCF /* AppDelegate.swift */; };
		F2648D4627E81EAE0071ADCF /* SceneDelegate.swift in Sources */ = {isa = PBXBuildFile; fileRef = F2648D4527E81EAE0071ADCF /* SceneDelegate.swift */; };
		F2648D4827E81EAE0071ADCF /* ViewController.swift in Sources */ = {isa = PBXBuildFile; fileRef = F2648D4727E81EAE0071ADCF /* ViewController.swift */; };
		F2648D4D27E81EAE0071ADCF /* Assets.xcassets in Resources */ = {isa = PBXBuildFile; fileRef = F2648D4C27E81EAE0071ADCF /* Assets.xcassets */; };
		F2648D5027E81EAE0071ADCF /* LaunchScreen.storyboard in Resources */ = {isa = PBXBuildFile; fileRef = F2648D4E27E81EAE0071ADCF /* LaunchScreen.storyboard */; };
		F2648D5927E824050071ADCF /* SnapKit in Frameworks */ = {isa = PBXBuildFile; productRef = F2648D5827E824050071ADCF /* SnapKit */; };
		F284BE6827E8F30800DCEBA3 /* Responses.swift in Sources */ = {isa = PBXBuildFile; fileRef = F284BE6727E8F30800DCEBA3 /* Responses.swift */; };
		F284BE6A27E8FC8700DCEBA3 /* ImageSearcher.swift in Sources */ = {isa = PBXBuildFile; fileRef = F284BE6927E8FC8700DCEBA3 /* ImageSearcher.swift */; };
		F284BE6C27E900DF00DCEBA3 /* UnsplashAPI.swift in Sources */ = {isa = PBXBuildFile; fileRef = F284BE6B27E900DF00DCEBA3 /* UnsplashAPI.swift */; };
		F284BE6E27E901DF00DCEBA3 /* AccessKey.swift in Sources */ = {isa = PBXBuildFile; fileRef = F284BE6D27E901DF00DCEBA3 /* AccessKey.swift */; };
/* End PBXBuildFile section */

/* Begin PBXFileReference section */
		F2648D4027E81EAE0071ADCF /* UnsplashExplorer.app */ = {isa = PBXFileReference; explicitFileType = wrapper.application; includeInIndex = 0; path = UnsplashExplorer.app; sourceTree = BUILT_PRODUCTS_DIR; };
		F2648D4327E81EAE0071ADCF /* AppDelegate.swift */ = {isa = PBXFileReference; lastKnownFileType = sourcecode.swift; path = AppDelegate.swift; sourceTree = "<group>"; };
		F2648D4527E81EAE0071ADCF /* SceneDelegate.swift */ = {isa = PBXFileReference; lastKnownFileType = sourcecode.swift; path = SceneDelegate.swift; sourceTree = "<group>"; };
		F2648D4727E81EAE0071ADCF /* ViewController.swift */ = {isa = PBXFileReference; lastKnownFileType = sourcecode.swift; path = ViewController.swift; sourceTree = "<group>"; };
		F2648D4C27E81EAE0071ADCF /* Assets.xcassets */ = {isa = PBXFileReference; lastKnownFileType = folder.assetcatalog; path = Assets.xcassets; sourceTree = "<group>"; };
		F2648D4F27E81EAE0071ADCF /* Base */ = {isa = PBXFileReference; lastKnownFileType = file.storyboard; name = Base; path = Base.lproj/LaunchScreen.storyboard; sourceTree = "<group>"; };
		F2648D5127E81EAE0071ADCF /* Info.plist */ = {isa = PBXFileReference; lastKnownFileType = text.plist.xml; path = Info.plist; sourceTree = "<group>"; };
		F284BE6727E8F30800DCEBA3 /* Responses.swift */ = {isa = PBXFileReference; lastKnownFileType = sourcecode.swift; path = Responses.swift; sourceTree = "<group>"; };
		F284BE6927E8FC8700DCEBA3 /* ImageSearcher.swift */ = {isa = PBXFileReference; lastKnownFileType = sourcecode.swift; path = ImageSearcher.swift; sourceTree = "<group>"; };
		F284BE6B27E900DF00DCEBA3 /* UnsplashAPI.swift */ = {isa = PBXFileReference; lastKnownFileType = sourcecode.swift; path = UnsplashAPI.swift; sourceTree = "<group>"; };
		F284BE6D27E901DF00DCEBA3 /* AccessKey.swift */ = {isa = PBXFileReference; lastKnownFileType = sourcecode.swift; path = AccessKey.swift; sourceTree = "<group>"; };
/* End PBXFileReference section */

/* Begin PBXFrameworksBuildPhase section */
		F2648D3D27E81EAE0071ADCF /* Frameworks */ = {
			isa = PBXFrameworksBuildPhase;
			buildActionMask = 2147483647;
			files = (
				F25D473127E8475D003B6D27 /* RxCocoa in Frameworks */,
				F2648D5927E824050071ADCF /* SnapKit in Frameworks */,
				F25D473327E8475D003B6D27 /* RxSwift in Frameworks */,
			);
			runOnlyForDeploymentPostprocessing = 0;
		};
/* End PBXFrameworksBuildPhase section */

/* Begin PBXGroup section */
		F2648D3727E81EAE0071ADCF = {
			isa = PBXGroup;
			children = (
				F2648D4227E81EAE0071ADCF /* UnsplashExplorer */,
				F2648D4127E81EAE0071ADCF /* Products */,
			);
			sourceTree = "<group>";
		};
		F2648D4127E81EAE0071ADCF /* Products */ = {
			isa = PBXGroup;
			children = (
				F2648D4027E81EAE0071ADCF /* UnsplashExplorer.app */,
			);
			name = Products;
			sourceTree = "<group>";
		};
		F2648D4227E81EAE0071ADCF /* UnsplashExplorer */ = {
			isa = PBXGroup;
			children = (
				F2648D4327E81EAE0071ADCF /* AppDelegate.swift */,
				F2648D4527E81EAE0071ADCF /* SceneDelegate.swift */,
				F2648D4727E81EAE0071ADCF /* ViewController.swift */,
				F284BE6727E8F30800DCEBA3 /* Responses.swift */,
				F284BE6927E8FC8700DCEBA3 /* ImageSearcher.swift */,
				F284BE6B27E900DF00DCEBA3 /* UnsplashAPI.swift */,
				F284BE6D27E901DF00DCEBA3 /* AccessKey.swift */,
				F2648D4C27E81EAE0071ADCF /* Assets.xcassets */,
				F2648D4E27E81EAE0071ADCF /* LaunchScreen.storyboard */,
				F2648D5127E81EAE0071ADCF /* Info.plist */,
			);
			path = UnsplashExplorer;
			sourceTree = "<group>";
		};
/* End PBXGroup section */

/* Begin PBXNativeTarget section */
		F2648D3F27E81EAE0071ADCF /* UnsplashExplorer */ = {
			isa = PBXNativeTarget;
			buildConfigurationList = F2648D5427E81EAE0071ADCF /* Build configuration list for PBXNativeTarget "UnsplashExplorer" */;
			buildPhases = (
				F2648D3C27E81EAE0071ADCF /* Sources */,
				F2648D3D27E81EAE0071ADCF /* Frameworks */,
				F2648D3E27E81EAE0071ADCF /* Resources */,
			);
			buildRules = (
			);
			dependencies = (
			);
			name = UnsplashExplorer;
			packageProductDependencies = (
				F2648D5827E824050071ADCF /* SnapKit */,
				F25D473027E8475D003B6D27 /* RxCocoa */,
				F25D473227E8475D003B6D27 /* RxSwift */,
			);
			productName = UnsplashExplorer;
			productReference = F2648D4027E81EAE0071ADCF /* UnsplashExplorer.app */;
			productType = "com.apple.product-type.application";
		};
/* End PBXNativeTarget section */

/* Begin PBXProject section */
		F2648D3827E81EAE0071ADCF /* Project object */ = {
			isa = PBXProject;
			attributes = {
				BuildIndependentTargetsInParallel = 1;
				LastSwiftUpdateCheck = 1330;
				LastUpgradeCheck = 1330;
				TargetAttributes = {
					F2648D3F27E81EAE0071ADCF = {
						CreatedOnToolsVersion = 13.3;
					};
				};
			};
			buildConfigurationList = F2648D3B27E81EAE0071ADCF /* Build configuration list for PBXProject "UnsplashExplorer" */;
			compatibilityVersion = "Xcode 13.0";
			developmentRegion = en;
			hasScannedForEncodings = 0;
			knownRegions = (
				en,
				Base,
			);
			mainGroup = F2648D3727E81EAE0071ADCF;
			packageReferences = (
				F2648D5727E824050071ADCF /* XCRemoteSwiftPackageReference "SnapKit" */,
				F25D472F27E8475D003B6D27 /* XCRemoteSwiftPackageReference "RxSwift" */,
			);
			productRefGroup = F2648D4127E81EAE0071ADCF /* Products */;
			projectDirPath = "";
			projectRoot = "";
			targets = (
				F2648D3F27E81EAE0071ADCF /* UnsplashExplorer */,
			);
		};
/* End PBXProject section */

/* Begin PBXResourcesBuildPhase section */
		F2648D3E27E81EAE0071ADCF /* Resources */ = {
			isa = PBXResourcesBuildPhase;
			buildActionMask = 2147483647;
			files = (
				F2648D5027E81EAE0071ADCF /* LaunchScreen.storyboard in Resources */,
				F2648D4D27E81EAE0071ADCF /* Assets.xcassets in Resources */,
			);
			runOnlyForDeploymentPostprocessing = 0;
		};
/* End PBXResourcesBuildPhase section */

/* Begin PBXSourcesBuildPhase section */
		F2648D3C27E81EAE0071ADCF /* Sources */ = {
			isa = PBXSourcesBuildPhase;
			buildActionMask = 2147483647;
			files = (
				F284BE6827E8F30800DCEBA3 /* Responses.swift in Sources */,
				F284BE6E27E901DF00DCEBA3 /* AccessKey.swift in Sources */,
				F2648D4827E81EAE0071ADCF /* ViewController.swift in Sources */,
				F2648D4427E81EAE0071ADCF /* AppDelegate.swift in Sources */,
				F2648D4627E81EAE0071ADCF /* SceneDelegate.swift in Sources */,
				F284BE6C27E900DF00DCEBA3 /* UnsplashAPI.swift in Sources */,
				F284BE6A27E8FC8700DCEBA3 /* ImageSearcher.swift in Sources */,
			);
			runOnlyForDeploymentPostprocessing = 0;
		};
/* End PBXSourcesBuildPhase section */

/* Begin PBXVariantGroup section */
		F2648D4E27E81EAE0071ADCF /* LaunchScreen.storyboard */ = {
			isa = PBXVariantGroup;
			children = (
				F2648D4F27E81EAE0071ADCF /* Base */,
			);
			name = LaunchScreen.storyboard;
			sourceTree = "<group>";
		};
/* End PBXVariantGroup section */

/* Begin XCBuildConfiguration section */
		F2648D5227E81EAE0071ADCF /* Debug */ = {
			isa = XCBuildConfiguration;
			buildSettings = {
				ALWAYS_SEARCH_USER_PATHS = NO;
				CLANG_ANALYZER_NONNULL = YES;
				CLANG_ANALYZER_NUMBER_OBJECT_CONVERSION = YES_AGGRESSIVE;
				CLANG_CXX_LANGUAGE_STANDARD = "gnu++17";
				CLANG_ENABLE_MODULES = YES;
				CLANG_ENABLE_OBJC_ARC = YES;
				CLANG_ENABLE_OBJC_WEAK = YES;
				CLANG_WARN_BLOCK_CAPTURE_AUTORELEASING = YES;
				CLANG_WARN_BOOL_CONVERSION = YES;
				CLANG_WARN_COMMA = YES;
				CLANG_WARN_CONSTANT_CONVERSION = YES;
				CLANG_WARN_DEPRECATED_OBJC_IMPLEMENTATIONS = YES;
				CLANG_WARN_DIRECT_OBJC_ISA_USAGE = YES_ERROR;
				CLANG_WARN_DOCUMENTATION_COMMENTS = YES;
				CLANG_WARN_EMPTY_BODY = YES;
				CLANG_WARN_ENUM_CONVERSION = YES;
				CLANG_WARN_INFINITE_RECURSION = YES;
				CLANG_WARN_INT_CONVERSION = YES;
				CLANG_WARN_NON_LITERAL_NULL_CONVERSION = YES;
				CLANG_WARN_OBJC_IMPLICIT_RETAIN_SELF = YES;
				CLANG_WARN_OBJC_LITERAL_CONVERSION = YES;
				CLANG_WARN_OBJC_ROOT_CLASS = YES_ERROR;
				CLANG_WARN_QUOTED_INCLUDE_IN_FRAMEWORK_HEADER = YES;
				CLANG_WARN_RANGE_LOOP_ANALYSIS = YES;
				CLANG_WARN_STRICT_PROTOTYPES = YES;
				CLANG_WARN_SUSPICIOUS_MOVE = YES;
				CLANG_WARN_UNGUARDED_AVAILABILITY = YES_AGGRESSIVE;
				CLANG_WARN_UNREACHABLE_CODE = YES;
				CLANG_WARN__DUPLICATE_METHOD_MATCH = YES;
				COPY_PHASE_STRIP = NO;
				DEBUG_INFORMATION_FORMAT = dwarf;
				ENABLE_STRICT_OBJC_MSGSEND = YES;
				ENABLE_TESTABILITY = YES;
				GCC_C_LANGUAGE_STANDARD = gnu11;
				GCC_DYNAMIC_NO_PIC = NO;
				GCC_NO_COMMON_BLOCKS = YES;
				GCC_OPTIMIZATION_LEVEL = 0;
				GCC_PREPROCESSOR_DEFINITIONS = (
					"DEBUG=1",
					"$(inherited)",
				);
				GCC_WARN_64_TO_32_BIT_CONVERSION = YES;
				GCC_WARN_ABOUT_RETURN_TYPE = YES_ERROR;
				GCC_WARN_UNDECLARED_SELECTOR = YES;
				GCC_WARN_UNINITIALIZED_AUTOS = YES_AGGRESSIVE;
				GCC_WARN_UNUSED_FUNCTION = YES;
				GCC_WARN_UNUSED_VARIABLE = YES;
				IPHONEOS_DEPLOYMENT_TARGET = 15.4;
				MTL_ENABLE_DEBUG_INFO = INCLUDE_SOURCE;
				MTL_FAST_MATH = YES;
				ONLY_ACTIVE_ARCH = YES;
				SDKROOT = iphoneos;
				SWIFT_ACTIVE_COMPILATION_CONDITIONS = DEBUG;
				SWIFT_OPTIMIZATION_LEVEL = "-Onone";
			};
			name = Debug;
		};
		F2648D5327E81EAE0071ADCF /* Release */ = {
			isa = XCBuildConfiguration;
			buildSettings = {
				ALWAYS_SEARCH_USER_PATHS = NO;
				CLANG_ANALYZER_NONNULL = YES;
				CLANG_ANALYZER_NUMBER_OBJECT_CONVERSION = YES_AGGRESSIVE;
				CLANG_CXX_LANGUAGE_STANDARD = "gnu++17";
				CLANG_ENABLE_MODULES = YES;
				CLANG_ENABLE_OBJC_ARC = YES;
				CLANG_ENABLE_OBJC_WEAK = YES;
				CLANG_WARN_BLOCK_CAPTURE_AUTORELEASING = YES;
				CLANG_WARN_BOOL_CONVERSION = YES;
				CLANG_WARN_COMMA = YES;
				CLANG_WARN_CONSTANT_CONVERSION = YES;
				CLANG_WARN_DEPRECATED_OBJC_IMPLEMENTATIONS = YES;
				CLANG_WARN_DIRECT_OBJC_ISA_USAGE = YES_ERROR;
				CLANG_WARN_DOCUMENTATION_COMMENTS = YES;
				CLANG_WARN_EMPTY_BODY = YES;
				CLANG_WARN_ENUM_CONVERSION = YES;
				CLANG_WARN_INFINITE_RECURSION = YES;
				CLANG_WARN_INT_CONVERSION = YES;
				CLANG_WARN_NON_LITERAL_NULL_CONVERSION = YES;
				CLANG_WARN_OBJC_IMPLICIT_RETAIN_SELF = YES;
				CLANG_WARN_OBJC_LITERAL_CONVERSION = YES;
				CLANG_WARN_OBJC_ROOT_CLASS = YES_ERROR;
				CLANG_WARN_QUOTED_INCLUDE_IN_FRAMEWORK_HEADER = YES;
				CLANG_WARN_RANGE_LOOP_ANALYSIS = YES;
				CLANG_WARN_STRICT_PROTOTYPES = YES;
				CLANG_WARN_SUSPICIOUS_MOVE = YES;
				CLANG_WARN_UNGUARDED_AVAILABILITY = YES_AGGRESSIVE;
				CLANG_WARN_UNREACHABLE_CODE = YES;
				CLANG_WARN__DUPLICATE_METHOD_MATCH = YES;
				COPY_PHASE_STRIP = NO;
				DEBUG_INFORMATION_FORMAT = "dwarf-with-dsym";
				ENABLE_NS_ASSERTIONS = NO;
				ENABLE_STRICT_OBJC_MSGSEND = YES;
				GCC_C_LANGUAGE_STANDARD = gnu11;
				GCC_NO_COMMON_BLOCKS = YES;
				GCC_WARN_64_TO_32_BIT_CONVERSION = YES;
				GCC_WARN_ABOUT_RETURN_TYPE = YES_ERROR;
				GCC_WARN_UNDECLARED_SELECTOR = YES;
				GCC_WARN_UNINITIALIZED_AUTOS = YES_AGGRESSIVE;
				GCC_WARN_UNUSED_FUNCTION = YES;
				GCC_WARN_UNUSED_VARIABLE = YES;
				IPHONEOS_DEPLOYMENT_TARGET = 15.4;
				MTL_ENABLE_DEBUG_INFO = NO;
				MTL_FAST_MATH = YES;
				SDKROOT = iphoneos;
				SWIFT_COMPILATION_MODE = wholemodule;
				SWIFT_OPTIMIZATION_LEVEL = "-O";
				VALIDATE_PRODUCT = YES;
			};
			name = Release;
		};
		F2648D5527E81EAE0071ADCF /* Debug */ = {
			isa = XCBuildConfiguration;
			buildSettings = {
				ASSETCATALOG_COMPILER_APPICON_NAME = AppIcon;
				ASSETCATALOG_COMPILER_GLOBAL_ACCENT_COLOR_NAME = AccentColor;
				CODE_SIGN_STYLE = Automatic;
				CURRENT_PROJECT_VERSION = 1;
				DEVELOPMENT_TEAM = 54QJQV3G77;
				GENERATE_INFOPLIST_FILE = YES;
				INFOPLIST_FILE = UnsplashExplorer/Info.plist;
				INFOPLIST_KEY_UIApplicationSupportsIndirectInputEvents = YES;
				INFOPLIST_KEY_UILaunchStoryboardName = LaunchScreen;
				INFOPLIST_KEY_UISupportedInterfaceOrientations_iPad = "UIInterfaceOrientationPortrait UIInterfaceOrientationPortraitUpsideDown UIInterfaceOrientationLandscapeLeft UIInterfaceOrientationLandscapeRight";
				INFOPLIST_KEY_UISupportedInterfaceOrientations_iPhone = "UIInterfaceOrientationPortrait UIInterfaceOrientationLandscapeLeft UIInterfaceOrientationLandscapeRight";
				LD_RUNPATH_SEARCH_PATHS = (
					"$(inherited)",
					"@executable_path/Frameworks",
				);
				MARKETING_VERSION = 1.0;
				PRODUCT_BUNDLE_IDENTIFIER = sunghyunk.UnsplashExplorer;
				PRODUCT_NAME = "$(TARGET_NAME)";
				SWIFT_EMIT_LOC_STRINGS = YES;
				SWIFT_VERSION = 5.0;
				TARGETED_DEVICE_FAMILY = "1,2";
			};
			name = Debug;
		};
		F2648D5627E81EAE0071ADCF /* Release */ = {
			isa = XCBuildConfiguration;
			buildSettings = {
				ASSETCATALOG_COMPILER_APPICON_NAME = AppIcon;
				ASSETCATALOG_COMPILER_GLOBAL_ACCENT_COLOR_NAME = AccentColor;
				CODE_SIGN_STYLE = Automatic;
				CURRENT_PROJECT_VERSION = 1;
				DEVELOPMENT_TEAM = 54QJQV3G77;
				GENERATE_INFOPLIST_FILE = YES;
				INFOPLIST_FILE = UnsplashExplorer/Info.plist;
				INFOPLIST_KEY_UIApplicationSupportsIndirectInputEvents = YES;
				INFOPLIST_KEY_UILaunchStoryboardName = LaunchScreen;
				INFOPLIST_KEY_UISupportedInterfaceOrientations_iPad = "UIInterfaceOrientationPortrait UIInterfaceOrientationPortraitUpsideDown UIInterfaceOrientationLandscapeLeft UIInterfaceOrientationLandscapeRight";
				INFOPLIST_KEY_UISupportedInterfaceOrientations_iPhone = "UIInterfaceOrientationPortrait UIInterfaceOrientationLandscapeLeft UIInterfaceOrientationLandscapeRight";
				LD_RUNPATH_SEARCH_PATHS = (
					"$(inherited)",
					"@executable_path/Frameworks",
				);
				MARKETING_VERSION = 1.0;
				PRODUCT_BUNDLE_IDENTIFIER = sunghyunk.UnsplashExplorer;
				PRODUCT_NAME = "$(TARGET_NAME)";
				SWIFT_EMIT_LOC_STRINGS = YES;
				SWIFT_VERSION = 5.0;
				TARGETED_DEVICE_FAMILY = "1,2";
			};
			name = Release;
		};
/* End XCBuildConfiguration section */

/* Begin XCConfigurationList section */
		F2648D3B27E81EAE0071ADCF /* Build configuration list for PBXProject "UnsplashExplorer" */ = {
			isa = XCConfigurationList;
			buildConfigurations = (
				F2648D5227E81EAE0071ADCF /* Debug */,
				F2648D5327E81EAE0071ADCF /* Release */,
			);
			defaultConfigurationIsVisible = 0;
			defaultConfigurationName = Release;
		};
		F2648D5427E81EAE0071ADCF /* Build configuration list for PBXNativeTarget "UnsplashExplorer" */ = {
			isa = XCConfigurationList;
			buildConfigurations = (
				F2648D5527E81EAE0071ADCF /* Debug */,
				F2648D5627E81EAE0071ADCF /* Release */,
			);
			defaultConfigurationIsVisible = 0;
			defaultConfigurationName = Release;
		};
/* End XCConfigurationList section */

/* Begin XCRemoteSwiftPackageReference section */
		F25D472F27E8475D003B6D27 /* XCRemoteSwiftPackageReference "RxSwift" */ = {
			isa = XCRemoteSwiftPackageReference;
			repositoryURL = "https://github.com/ReactiveX/RxSwift";
			requirement = {
				kind = upToNextMajorVersion;
				minimumVersion = 6.5.0;
			};
		};
		F2648D5727E824050071ADCF /* XCRemoteSwiftPackageReference "SnapKit" */ = {
			isa = XCRemoteSwiftPackageReference;
			repositoryURL = "https://github.com/SnapKit/SnapKit.git";
			requirement = {
				kind = upToNextMajorVersion;
				minimumVersion = 5.0.1;
			};
		};
/* End XCRemoteSwiftPackageReference section */

/* Begin XCSwiftPackageProductDependency section */
		F25D473027E8475D003B6D27 /* RxCocoa */ = {
			isa = XCSwiftPackageProductDependency;
			package = F25D472F27E8475D003B6D27 /* XCRemoteSwiftPackageReference "RxSwift" */;
			productName = RxCocoa;
		};
		F25D473227E8475D003B6D27 /* RxSwift */ = {
			isa = XCSwiftPackageProductDependency;
			package = F25D472F27E8475D003B6D27 /* XCRemoteSwiftPackageReference "RxSwift" */;
			productName = RxSwift;
		};
		F2648D5827E824050071ADCF /* SnapKit */ = {
			isa = XCSwiftPackageProductDependency;
			package = F2648D5727E824050071ADCF /* XCRemoteSwiftPackageReference "SnapKit" */;
			productName = SnapKit;
		};
/* End XCSwiftPackageProductDependency section */
	};
	rootObject = F2648D3827E81EAE0071ADCF /* Project object */;
}
